
Microsoft Visual Studio Solution File, Format Version 12.00
Project("{FAE04EC0-301F-11D3-BF4B-00C04F79EFBC}") = "RSA", "RSA.csproj", "{CF49C79D-459B-4E16-AF62-A78E43FB517E}"
EndProject
Global
	GlobalSection(SolutionConfigurationPlatforms) = preSolution
		Debug|Any CPU = Debug|Any CPU
		Release|Any CPU = Release|Any CPU
	EndGlobalSection
	GlobalSection(ProjectConfigurationPlatforms) = postSolution
		{CF49C79D-459B-4E16-AF62-A78E43FB517E}.Debug|Any CPU.ActiveCfg = Debug|Any CPU
		{CF49C79D-459B-4E16-AF62-A78E43FB517E}.Debug|Any CPU.Build.0 = Debug|Any CPU
		{CF49C79D-459B-4E16-AF62-A78E43FB517E}.Release|Any CPU.ActiveCfg = Release|Any CPU
		{CF49C79D-459B-4E16-AF62-A78E43FB517E}.Release|Any CPU.Build.0 = Release|Any CPU
	EndGlobalSection
EndGlobal
